// !$*UTF8*$!
{
	archiveVersion = 1;
	classes = {
	};
	objectVersion = 50;
	objects = {

/* Begin PBXBuildFile section */
		550EF01026BB2E460041158C /* ChildFactViewController.swift in Sources */ = {isa = PBXBuildFile; fileRef = 550EF00F26BB2E460041158C /* ChildFactViewController.swift */; };
		550EF01226BB2F640041158C /* TeenFactViewController.swift in Sources */ = {isa = PBXBuildFile; fileRef = 550EF01126BB2F640041158C /* TeenFactViewController.swift */; };
		550EF01426BB302A0041158C /* AdultFactsViewController.swift in Sources */ = {isa = PBXBuildFile; fileRef = 550EF01326BB302A0041158C /* AdultFactsViewController.swift */; };
		550EF01626BB33C20041158C /* BlogViewController.swift in Sources */ = {isa = PBXBuildFile; fileRef = 550EF01526BB33C20041158C /* BlogViewController.swift */; };
		5DA5859326BB1C44000739D9 /* AgeRangeViewController.swift in Sources */ = {isa = PBXBuildFile; fileRef = 5DA5859226BB1C44000739D9 /* AgeRangeViewController.swift */; };
		5DA5859526BB1E3E000739D9 /* ChildDirectoryViewController.swift in Sources */ = {isa = PBXBuildFile; fileRef = 5DA5859426BB1E3E000739D9 /* ChildDirectoryViewController.swift */; };
		5DA5859726BB1E60000739D9 /* TeenDirectoryViewController.swift in Sources */ = {isa = PBXBuildFile; fileRef = 5DA5859626BB1E60000739D9 /* TeenDirectoryViewController.swift */; };
		5DA5859926BB1E80000739D9 /* AdultDirectoryViewController.swift in Sources */ = {isa = PBXBuildFile; fileRef = 5DA5859826BB1E80000739D9 /* AdultDirectoryViewController.swift */; };
		5DA5859B26BB8FF9000739D9 /* StatisticsViewController.swift in Sources */ = {isa = PBXBuildFile; fileRef = 5DA5859A26BB8FF9000739D9 /* StatisticsViewController.swift */; };
		5DD5EB4126B9EFBB00F74213 /* AppDelegate.swift in Sources */ = {isa = PBXBuildFile; fileRef = 5DD5EB4026B9EFBB00F74213 /* AppDelegate.swift */; };
		5DD5EB4326B9EFBB00F74213 /* SceneDelegate.swift in Sources */ = {isa = PBXBuildFile; fileRef = 5DD5EB4226B9EFBB00F74213 /* SceneDelegate.swift */; };
		5DD5EB4526B9EFBB00F74213 /* ViewController.swift in Sources */ = {isa = PBXBuildFile; fileRef = 5DD5EB4426B9EFBB00F74213 /* ViewController.swift */; };
		5DD5EB4826B9EFBB00F74213 /* Main.storyboard in Resources */ = {isa = PBXBuildFile; fileRef = 5DD5EB4626B9EFBB00F74213 /* Main.storyboard */; };
		5DD5EB4B26B9EFBB00F74213 /* ECOdream.xcdatamodeld in Sources */ = {isa = PBXBuildFile; fileRef = 5DD5EB4926B9EFBB00F74213 /* ECOdream.xcdatamodeld */; };
		5DD5EB4D26B9EFC300F74213 /* Assets.xcassets in Resources */ = {isa = PBXBuildFile; fileRef = 5DD5EB4C26B9EFC300F74213 /* Assets.xcassets */; };
		5DD5EB5026B9EFC300F74213 /* LaunchScreen.storyboard in Resources */ = {isa = PBXBuildFile; fileRef = 5DD5EB4E26B9EFC300F74213 /* LaunchScreen.storyboard */; };
		5DD5EB5B26B9EFC300F74213 /* ECOdreamTests.swift in Sources */ = {isa = PBXBuildFile; fileRef = 5DD5EB5A26B9EFC300F74213 /* ECOdreamTests.swift */; };
		5DD5EB6626B9EFC300F74213 /* ECOdreamUITests.swift in Sources */ = {isa = PBXBuildFile; fileRef = 5DD5EB6526B9EFC300F74213 /* ECOdreamUITests.swift */; };
/* End PBXBuildFile section */

/* Begin PBXContainerItemProxy section */
		5DD5EB5726B9EFC300F74213 /* PBXContainerItemProxy */ = {
			isa = PBXContainerItemProxy;
			containerPortal = 5DD5EB3526B9EFBB00F74213 /* Project object */;
			proxyType = 1;
			remoteGlobalIDString = 5DD5EB3C26B9EFBB00F74213;
			remoteInfo = ECOdream;
		};
		5DD5EB6226B9EFC300F74213 /* PBXContainerItemProxy */ = {
			isa = PBXContainerItemProxy;
			containerPortal = 5DD5EB3526B9EFBB00F74213 /* Project object */;
			proxyType = 1;
			remoteGlobalIDString = 5DD5EB3C26B9EFBB00F74213;
			remoteInfo = ECOdream;
		};
/* End PBXContainerItemProxy section */

/* Begin PBXFileReference section */
		550EF00F26BB2E460041158C /* ChildFactViewController.swift */ = {isa = PBXFileReference; lastKnownFileType = sourcecode.swift; path = ChildFactViewController.swift; sourceTree = "<group>"; };
		550EF01126BB2F640041158C /* TeenFactViewController.swift */ = {isa = PBXFileReference; lastKnownFileType = sourcecode.swift; path = TeenFactViewController.swift; sourceTree = "<group>"; };
		550EF01326BB302A0041158C /* AdultFactsViewController.swift */ = {isa = PBXFileReference; lastKnownFileType = sourcecode.swift; path = AdultFactsViewController.swift; sourceTree = "<group>"; };
		550EF01526BB33C20041158C /* BlogViewController.swift */ = {isa = PBXFileReference; lastKnownFileType = sourcecode.swift; path = BlogViewController.swift; sourceTree = "<group>"; };
		5DA5859226BB1C44000739D9 /* AgeRangeViewController.swift */ = {isa = PBXFileReference; lastKnownFileType = sourcecode.swift; path = AgeRangeViewController.swift; sourceTree = "<group>"; };
		5DA5859426BB1E3E000739D9 /* ChildDirectoryViewController.swift */ = {isa = PBXFileReference; lastKnownFileType = sourcecode.swift; path = ChildDirectoryViewController.swift; sourceTree = "<group>"; };
		5DA5859626BB1E60000739D9 /* TeenDirectoryViewController.swift */ = {isa = PBXFileReference; lastKnownFileType = sourcecode.swift; path = TeenDirectoryViewController.swift; sourceTree = "<group>"; };
		5DA5859826BB1E80000739D9 /* AdultDirectoryViewController.swift */ = {isa = PBXFileReference; lastKnownFileType = sourcecode.swift; path = AdultDirectoryViewController.swift; sourceTree = "<group>"; };
		5DA5859A26BB8FF9000739D9 /* StatisticsViewController.swift */ = {isa = PBXFileReference; lastKnownFileType = sourcecode.swift; path = StatisticsViewController.swift; sourceTree = "<group>"; };
		5DD5EB3D26B9EFBB00F74213 /* ECOdream.app */ = {isa = PBXFileReference; explicitFileType = wrapper.application; includeInIndex = 0; path = ECOdream.app; sourceTree = BUILT_PRODUCTS_DIR; };
		5DD5EB4026B9EFBB00F74213 /* AppDelegate.swift */ = {isa = PBXFileReference; lastKnownFileType = sourcecode.swift; path = AppDelegate.swift; sourceTree = "<group>"; };
		5DD5EB4226B9EFBB00F74213 /* SceneDelegate.swift */ = {isa = PBXFileReference; lastKnownFileType = sourcecode.swift; path = SceneDelegate.swift; sourceTree = "<group>"; };
		5DD5EB4426B9EFBB00F74213 /* ViewController.swift */ = {isa = PBXFileReference; lastKnownFileType = sourcecode.swift; path = ViewController.swift; sourceTree = "<group>"; };
		5DD5EB4726B9EFBB00F74213 /* Base */ = {isa = PBXFileReference; lastKnownFileType = file.storyboard; name = Base; path = Base.lproj/Main.storyboard; sourceTree = "<group>"; };
		5DD5EB4A26B9EFBB00F74213 /* ECOdream.xcdatamodel */ = {isa = PBXFileReference; lastKnownFileType = wrapper.xcdatamodel; path = ECOdream.xcdatamodel; sourceTree = "<group>"; };
		5DD5EB4C26B9EFC300F74213 /* Assets.xcassets */ = {isa = PBXFileReference; lastKnownFileType = folder.assetcatalog; path = Assets.xcassets; sourceTree = "<group>"; };
		5DD5EB4F26B9EFC300F74213 /* Base */ = {isa = PBXFileReference; lastKnownFileType = file.storyboard; name = Base; path = Base.lproj/LaunchScreen.storyboard; sourceTree = "<group>"; };
		5DD5EB5126B9EFC300F74213 /* Info.plist */ = {isa = PBXFileReference; lastKnownFileType = text.plist.xml; path = Info.plist; sourceTree = "<group>"; };
		5DD5EB5626B9EFC300F74213 /* ECOdreamTests.xctest */ = {isa = PBXFileReference; explicitFileType = wrapper.cfbundle; includeInIndex = 0; path = ECOdreamTests.xctest; sourceTree = BUILT_PRODUCTS_DIR; };
		5DD5EB5A26B9EFC300F74213 /* ECOdreamTests.swift */ = {isa = PBXFileReference; lastKnownFileType = sourcecode.swift; path = ECOdreamTests.swift; sourceTree = "<group>"; };
		5DD5EB5C26B9EFC300F74213 /* Info.plist */ = {isa = PBXFileReference; lastKnownFileType = text.plist.xml; path = Info.plist; sourceTree = "<group>"; };
		5DD5EB6126B9EFC300F74213 /* ECOdreamUITests.xctest */ = {isa = PBXFileReference; explicitFileType = wrapper.cfbundle; includeInIndex = 0; path = ECOdreamUITests.xctest; sourceTree = BUILT_PRODUCTS_DIR; };
		5DD5EB6526B9EFC300F74213 /* ECOdreamUITests.swift */ = {isa = PBXFileReference; lastKnownFileType = sourcecode.swift; path = ECOdreamUITests.swift; sourceTree = "<group>"; };
		5DD5EB6726B9EFC300F74213 /* Info.plist */ = {isa = PBXFileReference; lastKnownFileType = text.plist.xml; path = Info.plist; sourceTree = "<group>"; };
/* End PBXFileReference section */

/* Begin PBXFrameworksBuildPhase section */
		5DD5EB3A26B9EFBB00F74213 /* Frameworks */ = {
			isa = PBXFrameworksBuildPhase;
			buildActionMask = 2147483647;
			files = (
			);
			runOnlyForDeploymentPostprocessing = 0;
		};
		5DD5EB5326B9EFC300F74213 /* Frameworks */ = {
			isa = PBXFrameworksBuildPhase;
			buildActionMask = 2147483647;
			files = (
			);
			runOnlyForDeploymentPostprocessing = 0;
		};
		5DD5EB5E26B9EFC300F74213 /* Frameworks */ = {
			isa = PBXFrameworksBuildPhase;
			buildActionMask = 2147483647;
			files = (
			);
			runOnlyForDeploymentPostprocessing = 0;
		};
/* End PBXFrameworksBuildPhase section */

/* Begin PBXGroup section */
		5DD5EB3426B9EFBB00F74213 = {
			isa = PBXGroup;
			children = (
				5DD5EB3F26B9EFBB00F74213 /* ECOdream */,
				5DD5EB5926B9EFC300F74213 /* ECOdreamTests */,
				5DD5EB6426B9EFC300F74213 /* ECOdreamUITests */,
				5DD5EB3E26B9EFBB00F74213 /* Products */,
			);
			sourceTree = "<group>";
		};
		5DD5EB3E26B9EFBB00F74213 /* Products */ = {
			isa = PBXGroup;
			children = (
				5DD5EB3D26B9EFBB00F74213 /* ECOdream.app */,
				5DD5EB5626B9EFC300F74213 /* ECOdreamTests.xctest */,
				5DD5EB6126B9EFC300F74213 /* ECOdreamUITests.xctest */,
			);
			name = Products;
			sourceTree = "<group>";
		};
		5DD5EB3F26B9EFBB00F74213 /* ECOdream */ = {
			isa = PBXGroup;
			children = (
				5DD5EB4026B9EFBB00F74213 /* AppDelegate.swift */,
				5DD5EB4226B9EFBB00F74213 /* SceneDelegate.swift */,
				5DD5EB4426B9EFBB00F74213 /* ViewController.swift */,
				5DD5EB4626B9EFBB00F74213 /* Main.storyboard */,
				5DA5859A26BB8FF9000739D9 /* StatisticsViewController.swift */,
				550EF01326BB302A0041158C /* AdultFactsViewController.swift */,
				550EF01126BB2F640041158C /* TeenFactViewController.swift */,
				5DA5859826BB1E80000739D9 /* AdultDirectoryViewController.swift */,
				550EF01526BB33C20041158C /* BlogViewController.swift */,
				5DA5859626BB1E60000739D9 /* TeenDirectoryViewController.swift */,
				5DA5859426BB1E3E000739D9 /* ChildDirectoryViewController.swift */,
				5DA5859226BB1C44000739D9 /* AgeRangeViewController.swift */,
				550EF00F26BB2E460041158C /* ChildFactViewController.swift */,
				5DD5EB4C26B9EFC300F74213 /* Assets.xcassets */,
				5DD5EB4E26B9EFC300F74213 /* LaunchScreen.storyboard */,
				5DD5EB5126B9EFC300F74213 /* Info.plist */,
				5DD5EB4926B9EFBB00F74213 /* ECOdream.xcdatamodeld */,
			);
			path = ECOdream;
			sourceTree = "<group>";
		};
		5DD5EB5926B9EFC300F74213 /* ECOdreamTests */ = {
			isa = PBXGroup;
			children = (
				5DD5EB5A26B9EFC300F74213 /* ECOdreamTests.swift */,
				5DD5EB5C26B9EFC300F74213 /* Info.plist */,
			);
			path = ECOdreamTests;
			sourceTree = "<group>";
		};
		5DD5EB6426B9EFC300F74213 /* ECOdreamUITests */ = {
			isa = PBXGroup;
			children = (
				5DD5EB6526B9EFC300F74213 /* ECOdreamUITests.swift */,
				5DD5EB6726B9EFC300F74213 /* Info.plist */,
			);
			path = ECOdreamUITests;
			sourceTree = "<group>";
		};
/* End PBXGroup section */

/* Begin PBXNativeTarget section */
		5DD5EB3C26B9EFBB00F74213 /* ECOdream */ = {
			isa = PBXNativeTarget;
			buildConfigurationList = 5DD5EB6A26B9EFC300F74213 /* Build configuration list for PBXNativeTarget "ECOdream" */;
			buildPhases = (
				5DD5EB3926B9EFBB00F74213 /* Sources */,
				5DD5EB3A26B9EFBB00F74213 /* Frameworks */,
				5DD5EB3B26B9EFBB00F74213 /* Resources */,
			);
			buildRules = (
			);
			dependencies = (
			);
			name = ECOdream;
			productName = ECOdream;
			productReference = 5DD5EB3D26B9EFBB00F74213 /* ECOdream.app */;
			productType = "com.apple.product-type.application";
		};
		5DD5EB5526B9EFC300F74213 /* ECOdreamTests */ = {
			isa = PBXNativeTarget;
			buildConfigurationList = 5DD5EB6D26B9EFC300F74213 /* Build configuration list for PBXNativeTarget "ECOdreamTests" */;
			buildPhases = (
				5DD5EB5226B9EFC300F74213 /* Sources */,
				5DD5EB5326B9EFC300F74213 /* Frameworks */,
				5DD5EB5426B9EFC300F74213 /* Resources */,
			);
			buildRules = (
			);
			dependencies = (
				5DD5EB5826B9EFC300F74213 /* PBXTargetDependency */,
			);
			name = ECOdreamTests;
			productName = ECOdreamTests;
			productReference = 5DD5EB5626B9EFC300F74213 /* ECOdreamTests.xctest */;
			productType = "com.apple.product-type.bundle.unit-test";
		};
		5DD5EB6026B9EFC300F74213 /* ECOdreamUITests */ = {
			isa = PBXNativeTarget;
			buildConfigurationList = 5DD5EB7026B9EFC300F74213 /* Build configuration list for PBXNativeTarget "ECOdreamUITests" */;
			buildPhases = (
				5DD5EB5D26B9EFC300F74213 /* Sources */,
				5DD5EB5E26B9EFC300F74213 /* Frameworks */,
				5DD5EB5F26B9EFC300F74213 /* Resources */,
			);
			buildRules = (
			);
			dependencies = (
				5DD5EB6326B9EFC300F74213 /* PBXTargetDependency */,
			);
			name = ECOdreamUITests;
			productName = ECOdreamUITests;
			productReference = 5DD5EB6126B9EFC300F74213 /* ECOdreamUITests.xctest */;
			productType = "com.apple.product-type.bundle.ui-testing";
		};
/* End PBXNativeTarget section */

/* Begin PBXProject section */
		5DD5EB3526B9EFBB00F74213 /* Project object */ = {
			isa = PBXProject;
			attributes = {
				LastSwiftUpdateCheck = 1250;
				LastUpgradeCheck = 1250;
				TargetAttributes = {
					5DD5EB3C26B9EFBB00F74213 = {
						CreatedOnToolsVersion = 12.5.1;
					};
					5DD5EB5526B9EFC300F74213 = {
						CreatedOnToolsVersion = 12.5.1;
						TestTargetID = 5DD5EB3C26B9EFBB00F74213;
					};
					5DD5EB6026B9EFC300F74213 = {
						CreatedOnToolsVersion = 12.5.1;
						TestTargetID = 5DD5EB3C26B9EFBB00F74213;
					};
				};
			};
			buildConfigurationList = 5DD5EB3826B9EFBB00F74213 /* Build configuration list for PBXProject "ECOdream" */;
			compatibilityVersion = "Xcode 9.3";
			developmentRegion = en;
			hasScannedForEncodings = 0;
			knownRegions = (
				en,
				Base,
			);
			mainGroup = 5DD5EB3426B9EFBB00F74213;
			productRefGroup = 5DD5EB3E26B9EFBB00F74213 /* Products */;
			projectDirPath = "";
			projectRoot = "";
			targets = (
				5DD5EB3C26B9EFBB00F74213 /* ECOdream */,
				5DD5EB5526B9EFC300F74213 /* ECOdreamTests */,
				5DD5EB6026B9EFC300F74213 /* ECOdreamUITests */,
			);
		};
/* End PBXProject section */

/* Begin PBXResourcesBuildPhase section */
		5DD5EB3B26B9EFBB00F74213 /* Resources */ = {
			isa = PBXResourcesBuildPhase;
			buildActionMask = 2147483647;
			files = (
				5DD5EB5026B9EFC300F74213 /* LaunchScreen.storyboard in Resources */,
				5DD5EB4D26B9EFC300F74213 /* Assets.xcassets in Resources */,
				5DD5EB4826B9EFBB00F74213 /* Main.storyboard in Resources */,
			);
			runOnlyForDeploymentPostprocessing = 0;
		};
		5DD5EB5426B9EFC300F74213 /* Resources */ = {
			isa = PBXResourcesBuildPhase;
			buildActionMask = 2147483647;
			files = (
			);
			runOnlyForDeploymentPostprocessing = 0;
		};
		5DD5EB5F26B9EFC300F74213 /* Resources */ = {
			isa = PBXResourcesBuildPhase;
			buildActionMask = 2147483647;
			files = (
			);
			runOnlyForDeploymentPostprocessing = 0;
		};
/* End PBXResourcesBuildPhase section */

/* Begin PBXSourcesBuildPhase section */
		5DD5EB3926B9EFBB00F74213 /* Sources */ = {
			isa = PBXSourcesBuildPhase;
			buildActionMask = 2147483647;
			files = (
				5DD5EB4526B9EFBB00F74213 /* ViewController.swift in Sources */,
				5DD5EB4B26B9EFBB00F74213 /* ECOdream.xcdatamodeld in Sources */,
				550EF01626BB33C20041158C /* BlogViewController.swift in Sources */,
				5DD5EB4126B9EFBB00F74213 /* AppDelegate.swift in Sources */,
				5DA5859726BB1E60000739D9 /* TeenDirectoryViewController.swift in Sources */,
				5DA5859526BB1E3E000739D9 /* ChildDirectoryViewController.swift in Sources */,
				5DD5EB4326B9EFBB00F74213 /* SceneDelegate.swift in Sources */,
				5DA5859326BB1C44000739D9 /* AgeRangeViewController.swift in Sources */,
				550EF01426BB302A0041158C /* AdultFactsViewController.swift in Sources */,
				5DA5859926BB1E80000739D9 /* AdultDirectoryViewController.swift in Sources */,
				550EF01226BB2F640041158C /* TeenFactViewController.swift in Sources */,
				550EF01026BB2E460041158C /* ChildFactViewController.swift in Sources */,
				5DA5859B26BB8FF9000739D9 /* StatisticsViewController.swift in Sources */,
			);
			runOnlyForDeploymentPostprocessing = 0;
		};
		5DD5EB5226B9EFC300F74213 /* Sources */ = {
			isa = PBXSourcesBuildPhase;
			buildActionMask = 2147483647;
			files = (
				5DD5EB5B26B9EFC300F74213 /* ECOdreamTests.swift in Sources */,
			);
			runOnlyForDeploymentPostprocessing = 0;
		};
		5DD5EB5D26B9EFC300F74213 /* Sources */ = {
			isa = PBXSourcesBuildPhase;
			buildActionMask = 2147483647;
			files = (
				5DD5EB6626B9EFC300F74213 /* ECOdreamUITests.swift in Sources */,
			);
			runOnlyForDeploymentPostprocessing = 0;
		};
/* End PBXSourcesBuildPhase section */

/* Begin PBXTargetDependency section */
		5DD5EB5826B9EFC300F74213 /* PBXTargetDependency */ = {
			isa = PBXTargetDependency;
			target = 5DD5EB3C26B9EFBB00F74213 /* ECOdream */;
			targetProxy = 5DD5EB5726B9EFC300F74213 /* PBXContainerItemProxy */;
		};
		5DD5EB6326B9EFC300F74213 /* PBXTargetDependency */ = {
			isa = PBXTargetDependency;
			target = 5DD5EB3C26B9EFBB00F74213 /* ECOdream */;
			targetProxy = 5DD5EB6226B9EFC300F74213 /* PBXContainerItemProxy */;
		};
/* End PBXTargetDependency section */

/* Begin PBXVariantGroup section */
		5DD5EB4626B9EFBB00F74213 /* Main.storyboard */ = {
			isa = PBXVariantGroup;
			children = (
				5DD5EB4726B9EFBB00F74213 /* Base */,
			);
			name = Main.storyboard;
			sourceTree = "<group>";
		};
		5DD5EB4E26B9EFC300F74213 /* LaunchScreen.storyboard */ = {
			isa = PBXVariantGroup;
			children = (
				5DD5EB4F26B9EFC300F74213 /* Base */,
			);
			name = LaunchScreen.storyboard;
			sourceTree = "<group>";
		};
/* End PBXVariantGroup section */

/* Begin XCBuildConfiguration section */
		5DD5EB6826B9EFC300F74213 /* Debug */ = {
			isa = XCBuildConfiguration;
			buildSettings = {
				ALWAYS_SEARCH_USER_PATHS = NO;
				CLANG_ANALYZER_NONNULL = YES;
				CLANG_ANALYZER_NUMBER_OBJECT_CONVERSION = YES_AGGRESSIVE;
				CLANG_CXX_LANGUAGE_STANDARD = "gnu++14";
				CLANG_CXX_LIBRARY = "libc++";
				CLANG_ENABLE_MODULES = YES;
				CLANG_ENABLE_OBJC_ARC = YES;
				CLANG_ENABLE_OBJC_WEAK = YES;
				CLANG_WARN_BLOCK_CAPTURE_AUTORELEASING = YES;
				CLANG_WARN_BOOL_CONVERSION = YES;
				CLANG_WARN_COMMA = YES;
				CLANG_WARN_CONSTANT_CONVERSION = YES;
				CLANG_WARN_DEPRECATED_OBJC_IMPLEMENTATIONS = YES;
				CLANG_WARN_DIRECT_OBJC_ISA_USAGE = YES_ERROR;
				CLANG_WARN_DOCUMENTATION_COMMENTS = YES;
				CLANG_WARN_EMPTY_BODY = YES;
				CLANG_WARN_ENUM_CONVERSION = YES;
				CLANG_WARN_INFINITE_RECURSION = YES;
				CLANG_WARN_INT_CONVERSION = YES;
				CLANG_WARN_NON_LITERAL_NULL_CONVERSION = YES;
				CLANG_WARN_OBJC_IMPLICIT_RETAIN_SELF = YES;
				CLANG_WARN_OBJC_LITERAL_CONVERSION = YES;
				CLANG_WARN_OBJC_ROOT_CLASS = YES_ERROR;
				CLANG_WARN_QUOTED_INCLUDE_IN_FRAMEWORK_HEADER = YES;
				CLANG_WARN_RANGE_LOOP_ANALYSIS = YES;
				CLANG_WARN_STRICT_PROTOTYPES = YES;
				CLANG_WARN_SUSPICIOUS_MOVE = YES;
				CLANG_WARN_UNGUARDED_AVAILABILITY = YES_AGGRESSIVE;
				CLANG_WARN_UNREACHABLE_CODE = YES;
				CLANG_WARN__DUPLICATE_METHOD_MATCH = YES;
				COPY_PHASE_STRIP = NO;
				DEBUG_INFORMATION_FORMAT = dwarf;
				ENABLE_STRICT_OBJC_MSGSEND = YES;
				ENABLE_TESTABILITY = YES;
				GCC_C_LANGUAGE_STANDARD = gnu11;
				GCC_DYNAMIC_NO_PIC = NO;
				GCC_NO_COMMON_BLOCKS = YES;
				GCC_OPTIMIZATION_LEVEL = 0;
				GCC_PREPROCESSOR_DEFINITIONS = (
					"DEBUG=1",
					"$(inherited)",
				);
				GCC_WARN_64_TO_32_BIT_CONVERSION = YES;
				GCC_WARN_ABOUT_RETURN_TYPE = YES_ERROR;
				GCC_WARN_UNDECLARED_SELECTOR = YES;
				GCC_WARN_UNINITIALIZED_AUTOS = YES_AGGRESSIVE;
				GCC_WARN_UNUSED_FUNCTION = YES;
				GCC_WARN_UNUSED_VARIABLE = YES;
				IPHONEOS_DEPLOYMENT_TARGET = 14.5;
				MTL_ENABLE_DEBUG_INFO = INCLUDE_SOURCE;
				MTL_FAST_MATH = YES;
				ONLY_ACTIVE_ARCH = YES;
				SDKROOT = iphoneos;
				SWIFT_ACTIVE_COMPILATION_CONDITIONS = DEBUG;
				SWIFT_OPTIMIZATION_LEVEL = "-Onone";
			};
			name = Debug;
		};
		5DD5EB6926B9EFC300F74213 /* Release */ = {
			isa = XCBuildConfiguration;
			buildSettings = {
				ALWAYS_SEARCH_USER_PATHS = NO;
				CLANG_ANALYZER_NONNULL = YES;
				CLANG_ANALYZER_NUMBER_OBJECT_CONVERSION = YES_AGGRESSIVE;
				CLANG_CXX_LANGUAGE_STANDARD = "gnu++14";
				CLANG_CXX_LIBRARY = "libc++";
				CLANG_ENABLE_MODULES = YES;
				CLANG_ENABLE_OBJC_ARC = YES;
				CLANG_ENABLE_OBJC_WEAK = YES;
				CLANG_WARN_BLOCK_CAPTURE_AUTORELEASING = YES;
				CLANG_WARN_BOOL_CONVERSION = YES;
				CLANG_WARN_COMMA = YES;
				CLANG_WARN_CONSTANT_CONVERSION = YES;
				CLANG_WARN_DEPRECATED_OBJC_IMPLEMENTATIONS = YES;
				CLANG_WARN_DIRECT_OBJC_ISA_USAGE = YES_ERROR;
				CLANG_WARN_DOCUMENTATION_COMMENTS = YES;
				CLANG_WARN_EMPTY_BODY = YES;
				CLANG_WARN_ENUM_CONVERSION = YES;
				CLANG_WARN_INFINITE_RECURSION = YES;
				CLANG_WARN_INT_CONVERSION = YES;
				CLANG_WARN_NON_LITERAL_NULL_CONVERSION = YES;
				CLANG_WARN_OBJC_IMPLICIT_RETAIN_SELF = YES;
				CLANG_WARN_OBJC_LITERAL_CONVERSION = YES;
				CLANG_WARN_OBJC_ROOT_CLASS = YES_ERROR;
				CLANG_WARN_QUOTED_INCLUDE_IN_FRAMEWORK_HEADER = YES;
				CLANG_WARN_RANGE_LOOP_ANALYSIS = YES;
				CLANG_WARN_STRICT_PROTOTYPES = YES;
				CLANG_WARN_SUSPICIOUS_MOVE = YES;
				CLANG_WARN_UNGUARDED_AVAILABILITY = YES_AGGRESSIVE;
				CLANG_WARN_UNREACHABLE_CODE = YES;
				CLANG_WARN__DUPLICATE_METHOD_MATCH = YES;
				COPY_PHASE_STRIP = NO;
				DEBUG_INFORMATION_FORMAT = "dwarf-with-dsym";
				ENABLE_NS_ASSERTIONS = NO;
				ENABLE_STRICT_OBJC_MSGSEND = YES;
				GCC_C_LANGUAGE_STANDARD = gnu11;
				GCC_NO_COMMON_BLOCKS = YES;
				GCC_WARN_64_TO_32_BIT_CONVERSION = YES;
				GCC_WARN_ABOUT_RETURN_TYPE = YES_ERROR;
				GCC_WARN_UNDECLARED_SELECTOR = YES;
				GCC_WARN_UNINITIALIZED_AUTOS = YES_AGGRESSIVE;
				GCC_WARN_UNUSED_FUNCTION = YES;
				GCC_WARN_UNUSED_VARIABLE = YES;
				IPHONEOS_DEPLOYMENT_TARGET = 14.5;
				MTL_ENABLE_DEBUG_INFO = NO;
				MTL_FAST_MATH = YES;
				SDKROOT = iphoneos;
				SWIFT_COMPILATION_MODE = wholemodule;
				SWIFT_OPTIMIZATION_LEVEL = "-O";
				VALIDATE_PRODUCT = YES;
			};
			name = Release;
		};
		5DD5EB6B26B9EFC300F74213 /* Debug */ = {
			isa = XCBuildConfiguration;
			buildSettings = {
				ASSETCATALOG_COMPILER_APPICON_NAME = AppIcon;
				ASSETCATALOG_COMPILER_GLOBAL_ACCENT_COLOR_NAME = AccentColor;
				CODE_SIGN_STYLE = Automatic;
				INFOPLIST_FILE = ECOdream/Info.plist;
				LD_RUNPATH_SEARCH_PATHS = (
					"$(inherited)",
					"@executable_path/Frameworks",
				);
				PRODUCT_BUNDLE_IDENTIFIER = KodeWithKlossy.ECOdream;
				PRODUCT_NAME = "$(TARGET_NAME)";
				SWIFT_VERSION = 5.0;
				TARGETED_DEVICE_FAMILY = "1,2";
			};
			name = Debug;
		};
		5DD5EB6C26B9EFC300F74213 /* Release */ = {
			isa = XCBuildConfiguration;
			buildSettings = {
				ASSETCATALOG_COMPILER_APPICON_NAME = AppIcon;
				ASSETCATALOG_COMPILER_GLOBAL_ACCENT_COLOR_NAME = AccentColor;
				CODE_SIGN_STYLE = Automatic;
				INFOPLIST_FILE = ECOdream/Info.plist;
				LD_RUNPATH_SEARCH_PATHS = (
					"$(inherited)",
					"@executable_path/Frameworks",
				);
				PRODUCT_BUNDLE_IDENTIFIER = KodeWithKlossy.ECOdream;
				PRODUCT_NAME = "$(TARGET_NAME)";
				SWIFT_VERSION = 5.0;
				TARGETED_DEVICE_FAMILY = "1,2";
			};
			name = Release;
		};
		5DD5EB6E26B9EFC300F74213 /* Debug */ = {
			isa = XCBuildConfiguration;
			buildSettings = {
				ALWAYS_EMBED_SWIFT_STANDARD_LIBRARIES = YES;
				BUNDLE_LOADER = "$(TEST_HOST)";
				CODE_SIGN_STYLE = Automatic;
				INFOPLIST_FILE = ECOdreamTests/Info.plist;
				IPHONEOS_DEPLOYMENT_TARGET = 14.5;
				LD_RUNPATH_SEARCH_PATHS = (
					"$(inherited)",
					"@executable_path/Frameworks",
					"@loader_path/Frameworks",
				);
				PRODUCT_BUNDLE_IDENTIFIER = KodeWithKlossy.ECOdreamTests;
				PRODUCT_NAME = "$(TARGET_NAME)";
				SWIFT_VERSION = 5.0;
				TARGETED_DEVICE_FAMILY = "1,2";
				TEST_HOST = "$(BUILT_PRODUCTS_DIR)/ECOdream.app/ECOdream";
			};
			name = Debug;
		};
		5DD5EB6F26B9EFC300F74213 /* Release */ = {
			isa = XCBuildConfiguration;
			buildSettings = {
				ALWAYS_EMBED_SWIFT_STANDARD_LIBRARIES = YES;
				BUNDLE_LOADER = "$(TEST_HOST)";
				CODE_SIGN_STYLE = Automatic;
				INFOPLIST_FILE = ECOdreamTests/Info.plist;
				IPHONEOS_DEPLOYMENT_TARGET = 14.5;
				LD_RUNPATH_SEARCH_PATHS = (
					"$(inherited)",
					"@executable_path/Frameworks",
					"@loader_path/Frameworks",
				);
				PRODUCT_BUNDLE_IDENTIFIER = KodeWithKlossy.ECOdreamTests;
				PRODUCT_NAME = "$(TARGET_NAME)";
				SWIFT_VERSION = 5.0;
				TARGETED_DEVICE_FAMILY = "1,2";
				TEST_HOST = "$(BUILT_PRODUCTS_DIR)/ECOdream.app/ECOdream";
			};
			name = Release;
		};
		5DD5EB7126B9EFC300F74213 /* Debug */ = {
			isa = XCBuildConfiguration;
			buildSettings = {
				ALWAYS_EMBED_SWIFT_STANDARD_LIBRARIES = YES;
				CODE_SIGN_STYLE = Automatic;
				INFOPLIST_FILE = ECOdreamUITests/Info.plist;
				LD_RUNPATH_SEARCH_PATHS = (
					"$(inherited)",
					"@executable_path/Frameworks",
					"@loader_path/Frameworks",
				);
				PRODUCT_BUNDLE_IDENTIFIER = KodeWithKlossy.ECOdreamUITests;
				PRODUCT_NAME = "$(TARGET_NAME)";
				SWIFT_VERSION = 5.0;
				TARGETED_DEVICE_FAMILY = "1,2";
				TEST_TARGET_NAME = ECOdream;
			};
			name = Debug;
		};
		5DD5EB7226B9EFC300F74213 /* Release */ = {
			isa = XCBuildConfiguration;
			buildSettings = {
				ALWAYS_EMBED_SWIFT_STANDARD_LIBRARIES = YES;
				CODE_SIGN_STYLE = Automatic;
				INFOPLIST_FILE = ECOdreamUITests/Info.plist;
				LD_RUNPATH_SEARCH_PATHS = (
					"$(inherited)",
					"@executable_path/Frameworks",
					"@loader_path/Frameworks",
				);
				PRODUCT_BUNDLE_IDENTIFIER = KodeWithKlossy.ECOdreamUITests;
				PRODUCT_NAME = "$(TARGET_NAME)";
				SWIFT_VERSION = 5.0;
				TARGETED_DEVICE_FAMILY = "1,2";
				TEST_TARGET_NAME = ECOdream;
			};
			name = Release;
		};
/* End XCBuildConfiguration section */

/* Begin XCConfigurationList section */
		5DD5EB3826B9EFBB00F74213 /* Build configuration list for PBXProject "ECOdream" */ = {
			isa = XCConfigurationList;
			buildConfigurations = (
				5DD5EB6826B9EFC300F74213 /* Debug */,
				5DD5EB6926B9EFC300F74213 /* Release */,
			);
			defaultConfigurationIsVisible = 0;
			defaultConfigurationName = Release;
		};
		5DD5EB6A26B9EFC300F74213 /* Build configuration list for PBXNativeTarget "ECOdream" */ = {
			isa = XCConfigurationList;
			buildConfigurations = (
				5DD5EB6B26B9EFC300F74213 /* Debug */,
				5DD5EB6C26B9EFC300F74213 /* Release */,
			);
			defaultConfigurationIsVisible = 0;
			defaultConfigurationName = Release;
		};
		5DD5EB6D26B9EFC300F74213 /* Build configuration list for PBXNativeTarget "ECOdreamTests" */ = {
			isa = XCConfigurationList;
			buildConfigurations = (
				5DD5EB6E26B9EFC300F74213 /* Debug */,
				5DD5EB6F26B9EFC300F74213 /* Release */,
			);
			defaultConfigurationIsVisible = 0;
			defaultConfigurationName = Release;
		};
		5DD5EB7026B9EFC300F74213 /* Build configuration list for PBXNativeTarget "ECOdreamUITests" */ = {
			isa = XCConfigurationList;
			buildConfigurations = (
				5DD5EB7126B9EFC300F74213 /* Debug */,
				5DD5EB7226B9EFC300F74213 /* Release */,
			);
			defaultConfigurationIsVisible = 0;
			defaultConfigurationName = Release;
		};
/* End XCConfigurationList section */

/* Begin XCVersionGroup section */
		5DD5EB4926B9EFBB00F74213 /* ECOdream.xcdatamodeld */ = {
			isa = XCVersionGroup;
			children = (
				5DD5EB4A26B9EFBB00F74213 /* ECOdream.xcdatamodel */,
			);
			currentVersion = 5DD5EB4A26B9EFBB00F74213 /* ECOdream.xcdatamodel */;
			path = ECOdream.xcdatamodeld;
			sourceTree = "<group>";
			versionGroupType = wrapper.xcdatamodel;
		};
/* End XCVersionGroup section */
	};
	rootObject = 5DD5EB3526B9EFBB00F74213 /* Project object */;
}
